
Microsoft Visual Studio Solution File, Format Version 12.00
# Visual Studio Version 17
VisualStudioVersion = 17.14.36221.1
MinimumVisualStudioVersion = 10.0.40219.1
Project("{FAE04EC0-301F-11D3-BF4B-00C04F79EFBC}") = "SchoolAssignments", "SchoolAssignments\SchoolAssignments.csproj", "{3932D24E-5C44-4859-88C6-3096DFDC02D9}"
EndProject
Global
	GlobalSection(SolutionConfigurationPlatforms) = preSolution
		Debug|Any CPU = Debug|Any CPU
		Release|Any CPU = Release|Any CPU
	EndGlobalSection
	GlobalSection(ProjectConfigurationPlatforms) = postSolution
		{3932D24E-5C44-4859-88C6-3096DFDC02D9}.Debug|Any CPU.ActiveCfg = Debug|Any CPU
		{3932D24E-5C44-4859-88C6-3096DFDC02D9}.Debug|Any CPU.Build.0 = Debug|Any CPU
		{3932D24E-5C44-4859-88C6-3096DFDC02D9}.Release|Any CPU.ActiveCfg = Release|Any CPU
		{3932D24E-5C44-4859-88C6-3096DFDC02D9}.Release|Any CPU.Build.0 = Release|Any CPU
	EndGlobalSection
	GlobalSection(SolutionProperties) = preSolution
		HideSolutionNode = FALSE
	EndGlobalSection
	GlobalSection(ExtensibilityGlobals) = postSolution
		SolutionGuid = {59933A48-B999-448B-AA42-B316B9CD2344}
	EndGlobalSection
EndGlobal
